{
  "name": "fugue-agents",
  "version": "0.0.0",
  "lockfileVersion": 3,
  "requires": true,
  "packages": {
    "": {
      "name": "fugue-agents",
      "version": "0.0.0",
      "license": "SEE LICENSE IN LICENSE",
      "dependencies": {
        "@anthropic-ai/claude-code": "2.1.191",
        "@google/gemini-cli": "0.47.0",
        "@openai/codex": "0.142.2"
      }
    },
    "node_modules/@anthropic-ai/claude-code": {
      "version": "2.1.191",
      "resolved": "https://registry.npmjs.org/@anthropic-ai/claude-code/-/claude-code-2.1.191.tgz",
      "integrity": "sha512-HgG1vMiEQpNZBCa9aBxXlZdB7ddZ0huoBuEs5TxycDKuT7QSdKSyAbgqzd+Y/4Fijn6ei8MIWQ4lLyY7B3L9TQ==",
      "hasInstallScript": true,
      "license": "SEE LICENSE IN README.md",
      "bin": {
        "claude": "bin/claude.exe"
      },
      "engines": {
        "node": ">=18.0.0"
      },
      "optionalDependencies": {
        "@anthropic-ai/claude-code-darwin-arm64": "2.1.191",
        "@anthropic-ai/claude-code-darwin-x64": "2.1.191",
        "@anthropic-ai/claude-code-linux-arm64": "2.1.191",
        "@anthropic-ai/claude-code-linux-arm64-musl": "2.1.191",
        "@anthropic-ai/claude-code-linux-x64": "2.1.191",
        "@anthropic-ai/claude-code-linux-x64-musl": "2.1.191",
        "@anthropic-ai/claude-code-win32-arm64": "2.1.191",
        "@anthropic-ai/claude-code-win32-x64": "2.1.191"
      }
    },
    "node_modules/@anthropic-ai/claude-code-darwin-arm64": {
      "version": "2.1.191",
      "resolved": "https://registry.npmjs.org/@anthropic-ai/claude-code-darwin-arm64/-/claude-code-darwin-arm64-2.1.191.tgz",
      "integrity": "sha512-kxQ0M80Jrnyft8KdXshTFCWXJzJruimPJR9M2a+6ySjBuuZJFzf4vxxsLg4yNU3Adjh8m9gwmPjNCkqrFlDmgg==",
      "cpu": [
        "arm64"
      ],
      "license": "SEE LICENSE IN LICENSE.md",
      "optional": true,
      "os": [
        "darwin"
      ]
    },
    "node_modules/@anthropic-ai/claude-code-darwin-x64": {
      "version": "2.1.191",
      "resolved": "https://registry.npmjs.org/@anthropic-ai/claude-code-darwin-x64/-/claude-code-darwin-x64-2.1.191.tgz",
      "integrity": "sha512-X7tIxjB3rhc7Ko7AHf+JFf97cwLsFZl20KEm7W2NAfFqNz7YVwaIrJvAXThm/vrHiMq1dT+q7d4kSw1b8Yhm3g==",
      "cpu": [
        "x64"
      ],
      "license": "SEE LICENSE IN LICENSE.md",
      "optional": true,
      "os": [
        "darwin"
      ]
    },
    "node_modules/@anthropic-ai/claude-code-linux-arm64": {
      "version": "2.1.191",
      "resolved": "https://registry.npmjs.org/@anthropic-ai/claude-code-linux-arm64/-/claude-code-linux-arm64-2.1.191.tgz",
      "integrity": "sha512-i9rmqPRTqkHoZxKjx3DutEZN3g/0ecSd1OYmJn01FOcKsT0Xyc9VCyta0dStTqDYD+9Oj3AhXaooxn1DuK9rMA==",
      "cpu": [
        "arm64"
      ],
      "libc": [
        "glibc"
      ],
      "license": "SEE LICENSE IN LICENSE.md",
      "optional": true,
      "os": [
        "linux"
      ]
    },
    "node_modules/@anthropic-ai/claude-code-linux-arm64-musl": {
      "version": "2.1.191",
      "resolved": "https://registry.npmjs.org/@anthropic-ai/claude-code-linux-arm64-musl/-/claude-code-linux-arm64-musl-2.1.191.tgz",
      "integrity": "sha512-8QwjSjUcJokzcybZvUOHTCadK7hKGksR+rlranGGaD/uEySC1GD7MvkqBbQoeTfrBOJbx7bhwFpm2zaLbvZ8ew==",
      "cpu": [
        "arm64"
      ],
      "libc": [
        "musl"
      ],
      "license": "SEE LICENSE IN LICENSE.md",
      "optional": true,
      "os": [
        "linux"
      ]
    },
    "node_modules/@anthropic-ai/claude-code-linux-x64": {
      "version": "2.1.191",
      "resolved": "https://registry.npmjs.org/@anthropic-ai/claude-code-linux-x64/-/claude-code-linux-x64-2.1.191.tgz",
      "integrity": "sha512-TSb896ojPXEitnoR6+CKlLCzhe0n11LzxXAIjcbCaQzFB1VDDNbWA8UVCvUnoahtHW7vfnTe1FPjm8zRla3Rxw==",
      "cpu": [
        "x64"
      ],
      "libc": [
        "glibc"
      ],
      "license": "SEE LICENSE IN LICENSE.md",
      "optional": true,
      "os": [
        "linux"
      ]
    },
    "node_modules/@anthropic-ai/claude-code-linux-x64-musl": {
      "version": "2.1.191",
      "resolved": "https://registry.npmjs.org/@anthropic-ai/claude-code-linux-x64-musl/-/claude-code-linux-x64-musl-2.1.191.tgz",
      "integrity": "sha512-Vl1Wlg0lAN1nfhRL+OSvAyeoQNiLFJbEJ7jDm0KdQWXwjsSY+wWmiW+AKFzJmD/SLT4ffV7UQHv5Owc5aicNcg==",
      "cpu": [
        "x64"
      ],
      "libc": [
        "musl"
      ],
      "license": "SEE LICENSE IN LICENSE.md",
      "optional": true,
      "os": [
        "linux"
      ]
    },
    "node_modules/@anthropic-ai/claude-code-win32-arm64": {
      "version": "2.1.191",
      "resolved": "https://registry.npmjs.org/@anthropic-ai/claude-code-win32-arm64/-/claude-code-win32-arm64-2.1.191.tgz",
      "integrity": "sha512-KG9WBxK1vzoiw0H5npM1D1rXvhBCsRVK/5EjJf+OCRFcbnLCy2LX4AiLQ6NiLgJsjQMCsyoEXJeGBBSSIpgx9w==",
      "cpu": [
        "arm64"
      ],
      "license": "SEE LICENSE IN LICENSE.md",
      "optional": true,
      "os": [
        "win32"
      ]
    },
    "node_modules/@anthropic-ai/claude-code-win32-x64": {
      "version": "2.1.191",
      "resolved": "https://registry.npmjs.org/@anthropic-ai/claude-code-win32-x64/-/claude-code-win32-x64-2.1.191.tgz",
      "integrity": "sha512-WhQK6EdN1rRuDOY6p2c+yovJt/2VX6NAWE3s09rq/8BoJA7KXJRaJUXEX6kLgWGBUv21xnyt7kN/JXlxlE1xbw==",
      "cpu": [
        "x64"
      ],
      "license": "SEE LICENSE IN LICENSE.md",
      "optional": true,
      "os": [
        "win32"
      ]
    },
    "node_modules/@github/keytar": {
      "version": "7.10.6",
      "resolved": "https://registry.npmjs.org/@github/keytar/-/keytar-7.10.6.tgz",
      "integrity": "sha512-mRW6cUsSG+nj4jp5gp8e91zPySaT73r+2JM6VyMZfrEgksjPmjSMr+tPGNOK3HUHV+GUU9B1LAiiYy/wmAnIxA==",
      "hasInstallScript": true,
      "license": "MIT",
      "optional": true,
      "dependencies": {
        "node-addon-api": "^8.3.0"
      }
    },
    "node_modules/@google/gemini-cli": {
      "version": "0.47.0",
      "resolved": "https://registry.npmjs.org/@google/gemini-cli/-/gemini-cli-0.47.0.tgz",
      "integrity": "sha512-cg0Y3X2bwJD7lyjD6lodyR6VeNXDmzqC7JqjZKf6cYVIImIwdPX5ARgOewOnkEufb3MwZe9SRl4G49IfdEvCuQ==",
      "license": "Apache-2.0",
      "bin": {
        "gemini": "bundle/gemini.js"
      },
      "engines": {
        "node": ">=20"
      },
      "optionalDependencies": {
        "@github/keytar": "^7.10.6",
        "@lydell/node-pty": "1.1.0",
        "@lydell/node-pty-darwin-arm64": "1.1.0",
        "@lydell/node-pty-darwin-x64": "1.1.0",
        "@lydell/node-pty-linux-x64": "1.1.0",
        "@lydell/node-pty-win32-arm64": "1.1.0",
        "@lydell/node-pty-win32-x64": "1.1.0",
        "node-pty": "^1.0.0"
      }
    },
    "node_modules/@lydell/node-pty": {
      "version": "1.1.0",
      "resolved": "https://registry.npmjs.org/@lydell/node-pty/-/node-pty-1.1.0.tgz",
      "integrity": "sha512-VDD8LtlMTOrPKWMXUAcB9+LTktzuunqrMwkYR1DMRBkS6LQrCt+0/Ws1o2rMml/n3guePpS7cxhHF7Nm5K4iMw==",
      "license": "MIT",
      "optional": true,
      "optionalDependencies": {
        "@lydell/node-pty-darwin-arm64": "1.1.0",
        "@lydell/node-pty-darwin-x64": "1.1.0",
        "@lydell/node-pty-linux-arm64": "1.1.0",
        "@lydell/node-pty-linux-x64": "1.1.0",
        "@lydell/node-pty-win32-arm64": "1.1.0",
        "@lydell/node-pty-win32-x64": "1.1.0"
      }
    },
    "node_modules/@lydell/node-pty-darwin-arm64": {
      "version": "1.1.0",
      "resolved": "https://registry.npmjs.org/@lydell/node-pty-darwin-arm64/-/node-pty-darwin-arm64-1.1.0.tgz",
      "integrity": "sha512-7kFD+owAA61qmhJCtoMbqj3Uvff3YHDiU+4on5F2vQdcMI3MuwGi7dM6MkFG/yuzpw8LF2xULpL71tOPUfxs0w==",
      "cpu": [
        "arm64"
      ],
      "license": "MIT",
      "optional": true,
      "os": [
        "darwin"
      ]
    },
    "node_modules/@lydell/node-pty-darwin-x64": {
      "version": "1.1.0",
      "resolved": "https://registry.npmjs.org/@lydell/node-pty-darwin-x64/-/node-pty-darwin-x64-1.1.0.tgz",
      "integrity": "sha512-XZdvqj5FjAMjH8bdp0YfaZjur5DrCIDD1VYiE9EkkYVMDQqRUPHYV3U8BVEQVT9hYfjmpr7dNaELF2KyISWSNA==",
      "cpu": [
        "x64"
      ],
      "license": "MIT",
      "optional": true,
      "os": [
        "darwin"
      ]
    },
    "node_modules/@lydell/node-pty-linux-arm64": {
      "version": "1.1.0",
      "resolved": "https://registry.npmjs.org/@lydell/node-pty-linux-arm64/-/node-pty-linux-arm64-1.1.0.tgz",
      "integrity": "sha512-yyDBmalCfHpLiQMT2zyLcqL2Fay4Xy7rIs8GH4dqKLnEviMvPGOK7LADVkKAsbsyXBSISL3Lt1m1MtxhPH6ckg==",
      "cpu": [
        "arm64"
      ],
      "license": "MIT",
      "optional": true,
      "os": [
        "linux"
      ]
    },
    "node_modules/@lydell/node-pty-linux-x64": {
      "version": "1.1.0",
      "resolved": "https://registry.npmjs.org/@lydell/node-pty-linux-x64/-/node-pty-linux-x64-1.1.0.tgz",
      "integrity": "sha512-NcNqRTD14QT+vXcEuqSSvmWY+0+WUBn2uRE8EN0zKtDpIEr9d+YiFj16Uqds6QfcLCHfZmC+Ls7YzwTaqDnanA==",
      "cpu": [
        "x64"
      ],
      "license": "MIT",
      "optional": true,
      "os": [
        "linux"
      ]
    },
    "node_modules/@lydell/node-pty-win32-arm64": {
      "version": "1.1.0",
      "resolved": "https://registry.npmjs.org/@lydell/node-pty-win32-arm64/-/node-pty-win32-arm64-1.1.0.tgz",
      "integrity": "sha512-JOMbCou+0fA7d/m97faIIfIU0jOv8sn2OR7tI45u3AmldKoKoLP8zHY6SAvDDnI3fccO1R2HeR1doVjpS7HM0w==",
      "cpu": [
        "arm64"
      ],
      "license": "MIT",
      "optional": true,
      "os": [
        "win32"
      ]
    },
    "node_modules/@lydell/node-pty-win32-x64": {
      "version": "1.1.0",
      "resolved": "https://registry.npmjs.org/@lydell/node-pty-win32-x64/-/node-pty-win32-x64-1.1.0.tgz",
      "integrity": "sha512-3N56BZ+WDFnUMYRtsrr7Ky2mhWGl9xXcyqR6cexfuCqcz9RNWL+KoXRv/nZylY5dYaXkft4JaR1uVu+roiZDAw==",
      "cpu": [
        "x64"
      ],
      "license": "MIT",
      "optional": true,
      "os": [
        "win32"
      ]
    },
    "node_modules/@openai/codex": {
      "version": "0.142.2",
      "resolved": "https://registry.npmjs.org/@openai/codex/-/codex-0.142.2.tgz",
      "integrity": "sha512-/89NO3WUTU3WmavBHuVyJzfGXasjT8DtrT6kU5VxAiR4pkZj4M0c4VHmSvzqnmpqsODsy2THHKbiiNBi/d2jaQ==",
      "license": "Apache-2.0",
      "bin": {
        "codex": "bin/codex.js"
      },
      "engines": {
        "node": ">=16"
      },
      "optionalDependencies": {
        "@openai/codex-darwin-arm64": "npm:@openai/codex@0.142.2-darwin-arm64",
        "@openai/codex-darwin-x64": "npm:@openai/codex@0.142.2-darwin-x64",
        "@openai/codex-linux-arm64": "npm:@openai/codex@0.142.2-linux-arm64",
        "@openai/codex-linux-x64": "npm:@openai/codex@0.142.2-linux-x64",
        "@openai/codex-win32-arm64": "npm:@openai/codex@0.142.2-win32-arm64",
        "@openai/codex-win32-x64": "npm:@openai/codex@0.142.2-win32-x64"
      }
    },
    "node_modules/@openai/codex-darwin-arm64": {
      "name": "@openai/codex",
      "version": "0.142.2-darwin-arm64",
      "resolved": "https://registry.npmjs.org/@openai/codex/-/codex-0.142.2-darwin-arm64.tgz",
      "integrity": "sha512-NtbEXS5nvfT6FNoQSzS0/rCRfG5cNWgVZLxArCFCCXm+Z5vOz3WSVX041ChxIl+dKwRpU6HMpSd9tR5oPBBWZA==",
      "cpu": [
        "arm64"
      ],
      "license": "Apache-2.0",
      "optional": true,
      "os": [
        "darwin"
      ],
      "engines": {
        "node": ">=16"
      }
    },
    "node_modules/@openai/codex-darwin-x64": {
      "name": "@openai/codex",
      "version": "0.142.2-darwin-x64",
      "resolved": "https://registry.npmjs.org/@openai/codex/-/codex-0.142.2-darwin-x64.tgz",
      "integrity": "sha512-9IjBzTlvXbr+SDDWarM/d0C6C1addJV03gLzmqbU7ptLZBR2H/Hoxig924r04kEAKxo0nmdu9e+x3IMrIxoTtg==",
      "cpu": [
        "x64"
      ],
      "license": "Apache-2.0",
      "optional": true,
      "os": [
        "darwin"
      ],
      "engines": {
        "node": ">=16"
      }
    },
    "node_modules/@openai/codex-linux-arm64": {
      "name": "@openai/codex",
      "version": "0.142.2-linux-arm64",
      "resolved": "https://registry.npmjs.org/@openai/codex/-/codex-0.142.2-linux-arm64.tgz",
      "integrity": "sha512-iOZDjULUawtPd7FFfDujhcj7f9DS8CyT4Be9cFAnGKvUFlAjeEa3/dgj4lQ5lwhzgQchoTduXS4NuAWDXNqp/Q==",
      "cpu": [
        "arm64"
      ],
      "license": "Apache-2.0",
      "optional": true,
      "os": [
        "linux"
      ],
      "engines": {
        "node": ">=16"
      }
    },
    "node_modules/@openai/codex-linux-x64": {
      "name": "@openai/codex",
      "version": "0.142.2-linux-x64",
      "resolved": "https://registry.npmjs.org/@openai/codex/-/codex-0.142.2-linux-x64.tgz",
      "integrity": "sha512-96zStaXK8+NjKrytlxbGJ33MeMvU0SALFarYVgHsFwrTCeW8g3xsUaUDIv8YYRipyzQIWoHczLRYRJPSH4i6QA==",
      "cpu": [
        "x64"
      ],
      "license": "Apache-2.0",
      "optional": true,
      "os": [
        "linux"
      ],
      "engines": {
        "node": ">=16"
      }
    },
    "node_modules/@openai/codex-win32-arm64": {
      "name": "@openai/codex",
      "version": "0.142.2-win32-arm64",
      "resolved": "https://registry.npmjs.org/@openai/codex/-/codex-0.142.2-win32-arm64.tgz",
      "integrity": "sha512-FZBlDmx71tvuadbhXMIte2qZiQ3coSYCi+j1CcZQ0oVkhgb/CTZX6KsIfJtvjGR4fty6mbDWdY7kEOd9iHUjzg==",
      "cpu": [
        "arm64"
      ],
      "license": "Apache-2.0",
      "optional": true,
      "os": [
        "win32"
      ],
      "engines": {
        "node": ">=16"
      }
    },
    "node_modules/@openai/codex-win32-x64": {
      "name": "@openai/codex",
      "version": "0.142.2-win32-x64",
      "resolved": "https://registry.npmjs.org/@openai/codex/-/codex-0.142.2-win32-x64.tgz",
      "integrity": "sha512-EZOCKvcBNCpipuffm82MHrPhnzs502mo5IoFvXbm1TOO87pH3x5KfRzUO5Wjf78FEelXzRe0j/kPzm+Xw1whLg==",
      "cpu": [
        "x64"
      ],
      "license": "Apache-2.0",
      "optional": true,
      "os": [
        "win32"
      ],
      "engines": {
        "node": ">=16"
      }
    },
    "node_modules/node-addon-api": {
      "version": "8.8.0",
      "resolved": "https://registry.npmjs.org/node-addon-api/-/node-addon-api-8.8.0.tgz",
      "integrity": "sha512-c5Ko1fZJIJmzhFIkhRN76WTq+fC6tWnGy9CXA0fA+XygsWZmEwG8vmbkNqxMyoaa0Tin4djul49NzdVcJJcjeA==",
      "license": "MIT",
      "optional": true,
      "engines": {
        "node": "^18 || ^20 || >= 21"
      }
    },
    "node_modules/node-pty": {
      "version": "1.1.0",
      "resolved": "https://registry.npmjs.org/node-pty/-/node-pty-1.1.0.tgz",
      "integrity": "sha512-20JqtutY6JPXTUnL0ij1uad7Qe1baT46lyolh2sSENDd4sTzKZ4nmAFkeAARDKwmlLjPx6XKRlwRUxwjOy+lUg==",
      "hasInstallScript": true,
      "license": "MIT",
      "optional": true,
      "dependencies": {
        "node-addon-api": "^7.1.0"
      }
    },
    "node_modules/node-pty/node_modules/node-addon-api": {
      "version": "7.1.1",
      "resolved": "https://registry.npmjs.org/node-addon-api/-/node-addon-api-7.1.1.tgz",
      "integrity": "sha512-5m3bsyrjFWE1xf7nz7YXdN4udnVtXK6/Yfgn5qnahL6bCkf2yKt4k3nuTKAtT4r3IG8JNR2ncsIMdZuAzJjHQQ==",
      "license": "MIT",
      "optional": true
    }
  }
}
