{
  "lockfile-version": 1,
  "manifest": {
    "schema-version": "1.13.0",
    "install": {
      "actionlint": {
        "pkg-path": "actionlint"
      },
      "bats": {
        "pkg-path": "bats"
      },
      "docker-client": {
        "pkg-path": "docker-client"
      },
      "gitleaks": {
        "pkg-path": "gitleaks"
      },
      "hadolint": {
        "pkg-path": "hadolint"
      },
      "markdownlint-cli2": {
        "pkg-path": "markdownlint-cli2"
      },
      "mermaid-cli": {
        "pkg-path": "mermaid-cli"
      },
      "nodejs": {
        "pkg-path": "nodejs"
      },
      "shellcheck": {
        "pkg-path": "shellcheck"
      },
      "shfmt": {
        "pkg-path": "shfmt"
      }
    },
    "hook": {},
    "profile": {},
    "options": {}
  },
  "packages": [
    {
      "attr_path": "actionlint",
      "broken": false,
      "derivation": "/nix/store/f6xz9pw6zvga7r04isc4xf54y8g4sq5z-actionlint-1.7.12.drv",
      "description": "Static checker for GitHub Actions workflow files",
      "install_id": "actionlint",
      "license": "MIT",
      "locked_url": "https://github.com/flox/nixpkgs?rev=d407951447dcd00442e97087bf374aad70c04cea",
      "name": "actionlint-1.7.12",
      "pname": "actionlint",
      "rev": "d407951447dcd00442e97087bf374aad70c04cea",
      "rev_count": 1027867,
      "rev_date": "2026-07-05T04:06:12Z",
      "scrape_date": "2026-07-06T03:12:54.694474Z",
      "stabilities": [
        "unstable"
      ],
      "unfree": false,
      "version": "1.7.12",
      "outputs_to_install": [
        "out"
      ],
      "outputs": {
        "out": "/nix/store/9qj0ikkqv66k52xs8fywmnzyg8zn2svm-actionlint-1.7.12"
      },
      "system": "aarch64-darwin",
      "group": "toplevel",
      "priority": 5
    },
    {
      "attr_path": "actionlint",
      "broken": false,
      "derivation": "/nix/store/pih7r5p4pify73ap7r0g4s7aqv5q01d2-actionlint-1.7.12.drv",
      "description": "Static checker for GitHub Actions workflow files",
      "install_id": "actionlint",
      "license": "MIT",
      "locked_url": "https://github.com/flox/nixpkgs?rev=d407951447dcd00442e97087bf374aad70c04cea",
      "name": "actionlint-1.7.12",
      "pname": "actionlint",
      "rev": "d407951447dcd00442e97087bf374aad70c04cea",
      "rev_count": 1027867,
      "rev_date": "2026-07-05T04:06:12Z",
      "scrape_date": "2026-07-06T03:41:21.154073Z",
      "stabilities": [
        "unstable"
      ],
      "unfree": false,
      "version": "1.7.12",
      "outputs_to_install": [
        "out"
      ],
      "outputs": {
        "out": "/nix/store/31js4yryr1yjq4waygdlv2k5w5ks0s0n-actionlint-1.7.12"
      },
      "system": "aarch64-linux",
      "group": "toplevel",
      "priority": 5
    },
    {
      "attr_path": "actionlint",
      "broken": false,
      "derivation": "/nix/store/63nf20xl5rcbm5mxf2pbfkdk90lcc4qi-actionlint-1.7.12.drv",
      "description": "Static checker for GitHub Actions workflow files",
      "install_id": "actionlint",
      "license": "MIT",
      "locked_url": "https://github.com/flox/nixpkgs?rev=d407951447dcd00442e97087bf374aad70c04cea",
      "name": "actionlint-1.7.12",
      "pname": "actionlint",
      "rev": "d407951447dcd00442e97087bf374aad70c04cea",
      "rev_count": 1027867,
      "rev_date": "2026-07-05T04:06:12Z",
      "scrape_date": "2026-07-06T04:08:59.948591Z",
      "stabilities": [
        "unstable"
      ],
      "unfree": false,
      "version": "1.7.12",
      "outputs_to_install": [
        "out"
      ],
      "outputs": {
        "out": "/nix/store/w4rjv0ikr5r5x54w758c8ck2016nmzsx-actionlint-1.7.12"
      },
      "system": "x86_64-darwin",
      "group": "toplevel",
      "priority": 5
    },
    {
      "attr_path": "actionlint",
      "broken": false,
      "derivation": "/nix/store/mk996amm0g9pssw96f0nh4460x97p890-actionlint-1.7.12.drv",
      "description": "Static checker for GitHub Actions workflow files",
      "install_id": "actionlint",
      "license": "MIT",
      "locked_url": "https://github.com/flox/nixpkgs?rev=d407951447dcd00442e97087bf374aad70c04cea",
      "name": "actionlint-1.7.12",
      "pname": "actionlint",
      "rev": "d407951447dcd00442e97087bf374aad70c04cea",
      "rev_count": 1027867,
      "rev_date": "2026-07-05T04:06:12Z",
      "scrape_date": "2026-07-06T04:40:23.770360Z",
      "stabilities": [
        "unstable"
      ],
      "unfree": false,
      "version": "1.7.12",
      "outputs_to_install": [
        "out"
      ],
      "outputs": {
        "out": "/nix/store/20imjbvi2q6z691fd5acg20mfx3aqvkj-actionlint-1.7.12"
      },
      "system": "x86_64-linux",
      "group": "toplevel",
      "priority": 5
    },
    {
      "attr_path": "bats",
      "broken": false,
      "derivation": "/nix/store/k0g6sq3s5y6ip0xdlkngqpf8dx45iq89-bats-1.12.0.drv",
      "description": "Bash Automated Testing System",
      "install_id": "bats",
      "license": "MIT",
      "locked_url": "https://github.com/flox/nixpkgs?rev=d407951447dcd00442e97087bf374aad70c04cea",
      "name": "bats-1.12.0",
      "pname": "bats",
      "rev": "d407951447dcd00442e97087bf374aad70c04cea",
      "rev_count": 1027867,
      "rev_date": "2026-07-05T04:06:12Z",
      "scrape_date": "2026-07-06T03:12:54.870642Z",
      "stabilities": [
        "unstable"
      ],
      "unfree": false,
      "version": "1.12.0",
      "outputs_to_install": [
        "out"
      ],
      "outputs": {
        "out": "/nix/store/h5in2g4bv8w2kpfdfjij5g3ganjchw25-bats-1.12.0"
      },
      "system": "aarch64-darwin",
      "group": "toplevel",
      "priority": 5
    },
    {
      "attr_path": "bats",
      "broken": false,
      "derivation": "/nix/store/s2vh9bf9j2kn0z38ll55k53cqcq920ra-bats-1.12.0.drv",
      "description": "Bash Automated Testing System",
      "install_id": "bats",
      "license": "MIT",
      "locked_url": "https://github.com/flox/nixpkgs?rev=d407951447dcd00442e97087bf374aad70c04cea",
      "name": "bats-1.12.0",
      "pname": "bats",
      "rev": "d407951447dcd00442e97087bf374aad70c04cea",
      "rev_count": 1027867,
      "rev_date": "2026-07-05T04:06:12Z",
      "scrape_date": "2026-07-06T03:41:21.398450Z",
      "stabilities": [
        "unstable"
      ],
      "unfree": false,
      "version": "1.12.0",
      "outputs_to_install": [
        "out"
      ],
      "outputs": {
        "out": "/nix/store/gswhw5jh5n53mn7v82f2as12l7z7hpbc-bats-1.12.0"
      },
      "system": "aarch64-linux",
      "group": "toplevel",
      "priority": 5
    },
    {
      "attr_path": "bats",
      "broken": false,
      "derivation": "/nix/store/2pzr3jpw7h24l0krfcxvzk6qfpanbix8-bats-1.12.0.drv",
      "description": "Bash Automated Testing System",
      "install_id": "bats",
      "license": "MIT",
      "locked_url": "https://github.com/flox/nixpkgs?rev=d407951447dcd00442e97087bf374aad70c04cea",
      "name": "bats-1.12.0",
      "pname": "bats",
      "rev": "d407951447dcd00442e97087bf374aad70c04cea",
      "rev_count": 1027867,
      "rev_date": "2026-07-05T04:06:12Z",
      "scrape_date": "2026-07-06T04:09:00.163046Z",
      "stabilities": [
        "unstable"
      ],
      "unfree": false,
      "version": "1.12.0",
      "outputs_to_install": [
        "out"
      ],
      "outputs": {
        "out": "/nix/store/s439mjy5w69102q0s26jby1gkwiww76v-bats-1.12.0"
      },
      "system": "x86_64-darwin",
      "group": "toplevel",
      "priority": 5
    },
    {
      "attr_path": "bats",
      "broken": false,
      "derivation": "/nix/store/n0k9kgafy1algswvnwdnlcirgpi61wgz-bats-1.12.0.drv",
      "description": "Bash Automated Testing System",
      "install_id": "bats",
      "license": "MIT",
      "locked_url": "https://github.com/flox/nixpkgs?rev=d407951447dcd00442e97087bf374aad70c04cea",
      "name": "bats-1.12.0",
      "pname": "bats",
      "rev": "d407951447dcd00442e97087bf374aad70c04cea",
      "rev_count": 1027867,
      "rev_date": "2026-07-05T04:06:12Z",
      "scrape_date": "2026-07-06T04:40:24.008367Z",
      "stabilities": [
        "unstable"
      ],
      "unfree": false,
      "version": "1.12.0",
      "outputs_to_install": [
        "out"
      ],
      "outputs": {
        "out": "/nix/store/q4n7cqgz4npy4xp7pkh2p6hllhs9lxmi-bats-1.12.0"
      },
      "system": "x86_64-linux",
      "group": "toplevel",
      "priority": 5
    },
    {
      "attr_path": "docker-client",
      "broken": false,
      "derivation": "/nix/store/xjpqlbsblydsmzpc6j0gjpxkbpip3yv6-docker-29.6.0.drv",
      "description": "Open source project to pack, ship and run any application as a lightweight container",
      "install_id": "docker-client",
      "license": "Apache-2.0",
      "locked_url": "https://github.com/flox/nixpkgs?rev=d407951447dcd00442e97087bf374aad70c04cea",
      "name": "docker-29.6.0",
      "pname": "docker-client",
      "rev": "d407951447dcd00442e97087bf374aad70c04cea",
      "rev_count": 1027867,
      "rev_date": "2026-07-05T04:06:12Z",
      "scrape_date": "2026-07-06T03:12:55.507653Z",
      "stabilities": [
        "unstable"
      ],
      "unfree": false,
      "version": "29.6.0",
      "outputs_to_install": [
        "out"
      ],
      "outputs": {
        "out": "/nix/store/cgh7pk730fkzj2fdm725zfqz1ppj0za2-docker-29.6.0"
      },
      "system": "aarch64-darwin",
      "group": "toplevel",
      "priority": 5
    },
    {
      "attr_path": "docker-client",
      "broken": false,
      "derivation": "/nix/store/ylxfpd71zcn7930jcm329rhvlk0igysv-docker-29.6.0.drv",
      "description": "Open source project to pack, ship and run any application as a lightweight container",
      "install_id": "docker-client",
      "license": "Apache-2.0",
      "locked_url": "https://github.com/flox/nixpkgs?rev=d407951447dcd00442e97087bf374aad70c04cea",
      "name": "docker-29.6.0",
      "pname": "docker-client",
      "rev": "d407951447dcd00442e97087bf374aad70c04cea",
      "rev_count": 1027867,
      "rev_date": "2026-07-05T04:06:12Z",
      "scrape_date": "2026-07-06T03:41:22.230032Z",
      "stabilities": [
        "unstable"
      ],
      "unfree": false,
      "version": "29.6.0",
      "outputs_to_install": [
        "out"
      ],
      "outputs": {
        "out": "/nix/store/bkqiwbcznd9rm0rrvx672anyydi8qhrh-docker-29.6.0"
      },
      "system": "aarch64-linux",
      "group": "toplevel",
      "priority": 5
    },
    {
      "attr_path": "docker-client",
      "broken": false,
      "derivation": "/nix/store/ilx35vgj3ni2hnvyq362wmbvbfd9wcrf-docker-29.6.0.drv",
      "description": "Open source project to pack, ship and run any application as a lightweight container",
      "install_id": "docker-client",
      "license": "Apache-2.0",
      "locked_url": "https://github.com/flox/nixpkgs?rev=d407951447dcd00442e97087bf374aad70c04cea",
      "name": "docker-29.6.0",
      "pname": "docker-client",
      "rev": "d407951447dcd00442e97087bf374aad70c04cea",
      "rev_count": 1027867,
      "rev_date": "2026-07-05T04:06:12Z",
      "scrape_date": "2026-07-06T04:09:00.887848Z",
      "stabilities": [
        "unstable"
      ],
      "unfree": false,
      "version": "29.6.0",
      "outputs_to_install": [
        "out"
      ],
      "outputs": {
        "out": "/nix/store/b9gj1ignx5npa9rnzs19wj9lpr573fjz-docker-29.6.0"
      },
      "system": "x86_64-darwin",
      "group": "toplevel",
      "priority": 5
    },
    {
      "attr_path": "docker-client",
      "broken": false,
      "derivation": "/nix/store/ljbvfcisj6bbxdgv0adxab27zqymn08l-docker-29.6.0.drv",
      "description": "Open source project to pack, ship and run any application as a lightweight container",
      "install_id": "docker-client",
      "license": "Apache-2.0",
      "locked_url": "https://github.com/flox/nixpkgs?rev=d407951447dcd00442e97087bf374aad70c04cea",
      "name": "docker-29.6.0",
      "pname": "docker-client",
      "rev": "d407951447dcd00442e97087bf374aad70c04cea",
      "rev_count": 1027867,
      "rev_date": "2026-07-05T04:06:12Z",
      "scrape_date": "2026-07-06T04:40:24.918195Z",
      "stabilities": [
        "unstable"
      ],
      "unfree": false,
      "version": "29.6.0",
      "outputs_to_install": [
        "out"
      ],
      "outputs": {
        "out": "/nix/store/glhfy7whxyvl4l6gzph4zl7ax78iga3w-docker-29.6.0"
      },
      "system": "x86_64-linux",
      "group": "toplevel",
      "priority": 5
    },
    {
      "attr_path": "gitleaks",
      "broken": false,
      "derivation": "/nix/store/njgrg7hz1zr2sgwk6sv87lw8rs7fciss-gitleaks-8.30.1.drv",
      "description": "Scan git repos (or files) for secrets",
      "install_id": "gitleaks",
      "license": "MIT",
      "locked_url": "https://github.com/flox/nixpkgs?rev=d407951447dcd00442e97087bf374aad70c04cea",
      "name": "gitleaks-8.30.1",
      "pname": "gitleaks",
      "rev": "d407951447dcd00442e97087bf374aad70c04cea",
      "rev_count": 1027867,
      "rev_date": "2026-07-05T04:06:12Z",
      "scrape_date": "2026-07-06T03:12:56.161861Z",
      "stabilities": [
        "unstable"
      ],
      "unfree": false,
      "version": "8.30.1",
      "outputs_to_install": [
        "out"
      ],
      "outputs": {
        "out": "/nix/store/2hxl4j3ahf6fv1jlv95kjsdgqw5a37ld-gitleaks-8.30.1"
      },
      "system": "aarch64-darwin",
      "group": "toplevel",
      "priority": 5
    },
    {
      "attr_path": "gitleaks",
      "broken": false,
      "derivation": "/nix/store/akk570dmiybl87vlr61hpicixiigxqc3-gitleaks-8.30.1.drv",
      "description": "Scan git repos (or files) for secrets",
      "install_id": "gitleaks",
      "license": "MIT",
      "locked_url": "https://github.com/flox/nixpkgs?rev=d407951447dcd00442e97087bf374aad70c04cea",
      "name": "gitleaks-8.30.1",
      "pname": "gitleaks",
      "rev": "d407951447dcd00442e97087bf374aad70c04cea",
      "rev_count": 1027867,
      "rev_date": "2026-07-05T04:06:12Z",
      "scrape_date": "2026-07-06T03:41:23.240585Z",
      "stabilities": [
        "unstable"
      ],
      "unfree": false,
      "version": "8.30.1",
      "outputs_to_install": [
        "out"
      ],
      "outputs": {
        "out": "/nix/store/m0ip8d3dvw4a45lk0fl3d8cgs62h4b7d-gitleaks-8.30.1"
      },
      "system": "aarch64-linux",
      "group": "toplevel",
      "priority": 5
    },
    {
      "attr_path": "gitleaks",
      "broken": false,
      "derivation": "/nix/store/5pq280fl8x0x98pmhnjvsz1iyzllwak7-gitleaks-8.30.1.drv",
      "description": "Scan git repos (or files) for secrets",
      "install_id": "gitleaks",
      "license": "MIT",
      "locked_url": "https://github.com/flox/nixpkgs?rev=d407951447dcd00442e97087bf374aad70c04cea",
      "name": "gitleaks-8.30.1",
      "pname": "gitleaks",
      "rev": "d407951447dcd00442e97087bf374aad70c04cea",
      "rev_count": 1027867,
      "rev_date": "2026-07-05T04:06:12Z",
      "scrape_date": "2026-07-06T04:09:01.703522Z",
      "stabilities": [
        "unstable"
      ],
      "unfree": false,
      "version": "8.30.1",
      "outputs_to_install": [
        "out"
      ],
      "outputs": {
        "out": "/nix/store/v5x4dkl13y4nxhcaq4xmrwkidy44gv9p-gitleaks-8.30.1"
      },
      "system": "x86_64-darwin",
      "group": "toplevel",
      "priority": 5
    },
    {
      "attr_path": "gitleaks",
      "broken": false,
      "derivation": "/nix/store/if077lr58dki2nhnwjn1zndcigcwcb93-gitleaks-8.30.1.drv",
      "description": "Scan git repos (or files) for secrets",
      "install_id": "gitleaks",
      "license": "MIT",
      "locked_url": "https://github.com/flox/nixpkgs?rev=d407951447dcd00442e97087bf374aad70c04cea",
      "name": "gitleaks-8.30.1",
      "pname": "gitleaks",
      "rev": "d407951447dcd00442e97087bf374aad70c04cea",
      "rev_count": 1027867,
      "rev_date": "2026-07-05T04:06:12Z",
      "scrape_date": "2026-07-06T04:40:26.022628Z",
      "stabilities": [
        "unstable"
      ],
      "unfree": false,
      "version": "8.30.1",
      "outputs_to_install": [
        "out"
      ],
      "outputs": {
        "out": "/nix/store/zw09h0bzppnaldrxdzh3kh9vli9y64k0-gitleaks-8.30.1"
      },
      "system": "x86_64-linux",
      "group": "toplevel",
      "priority": 5
    },
    {
      "attr_path": "hadolint",
      "broken": false,
      "derivation": "/nix/store/p17lp46zqv1ih1hbvqlrr96nq65a75xb-hadolint-2.14.0.drv",
      "description": "Dockerfile Linter JavaScript API",
      "install_id": "hadolint",
      "license": "GPL-3.0-only",
      "locked_url": "https://github.com/flox/nixpkgs?rev=d407951447dcd00442e97087bf374aad70c04cea",
      "name": "hadolint-2.14.0",
      "pname": "hadolint",
      "rev": "d407951447dcd00442e97087bf374aad70c04cea",
      "rev_count": 1027867,
      "rev_date": "2026-07-05T04:06:12Z",
      "scrape_date": "2026-07-06T03:12:56.498764Z",
      "stabilities": [
        "unstable"
      ],
      "unfree": false,
      "version": "2.14.0",
      "outputs_to_install": [
        "out"
      ],
      "outputs": {
        "out": "/nix/store/r4hijv1i73ksj84cjdw1nfrhsl4cslvc-hadolint-2.14.0"
      },
      "system": "aarch64-darwin",
      "group": "toplevel",
      "priority": 5
    },
    {
      "attr_path": "hadolint",
      "broken": false,
      "derivation": "/nix/store/5kjahyz70g56ad5xqg6x2n18hhwg7a9y-hadolint-2.14.0.drv",
      "description": "Dockerfile Linter JavaScript API",
      "install_id": "hadolint",
      "license": "GPL-3.0-only",
      "locked_url": "https://github.com/flox/nixpkgs?rev=d407951447dcd00442e97087bf374aad70c04cea",
      "name": "hadolint-2.14.0",
      "pname": "hadolint",
      "rev": "d407951447dcd00442e97087bf374aad70c04cea",
      "rev_count": 1027867,
      "rev_date": "2026-07-05T04:06:12Z",
      "scrape_date": "2026-07-06T03:41:24.338111Z",
      "stabilities": [
        "unstable"
      ],
      "unfree": false,
      "version": "2.14.0",
      "outputs_to_install": [
        "out"
      ],
      "outputs": {
        "out": "/nix/store/yr9w1f1w5z4dfmwq5iwis59il9w63d3x-hadolint-2.14.0"
      },
      "system": "aarch64-linux",
      "group": "toplevel",
      "priority": 5
    },
    {
      "attr_path": "hadolint",
      "broken": false,
      "derivation": "/nix/store/i4nnbsi6l144rcj50lmnzl2rjfwcslx7-hadolint-2.14.0.drv",
      "description": "Dockerfile Linter JavaScript API",
      "install_id": "hadolint",
      "license": "GPL-3.0-only",
      "locked_url": "https://github.com/flox/nixpkgs?rev=d407951447dcd00442e97087bf374aad70c04cea",
      "name": "hadolint-2.14.0",
      "pname": "hadolint",
      "rev": "d407951447dcd00442e97087bf374aad70c04cea",
      "rev_count": 1027867,
      "rev_date": "2026-07-05T04:06:12Z",
      "scrape_date": "2026-07-06T04:09:02.146241Z",
      "stabilities": [
        "unstable"
      ],
      "unfree": false,
      "version": "2.14.0",
      "outputs_to_install": [
        "out"
      ],
      "outputs": {
        "out": "/nix/store/yhsx11swls4qs6pxcvvhccjxa1p7zvyl-hadolint-2.14.0"
      },
      "system": "x86_64-darwin",
      "group": "toplevel",
      "priority": 5
    },
    {
      "attr_path": "hadolint",
      "broken": false,
      "derivation": "/nix/store/mj7xy7ymjkgbap5f7m2kjj0v0cib6afy-hadolint-2.14.0.drv",
      "description": "Dockerfile Linter JavaScript API",
      "install_id": "hadolint",
      "license": "GPL-3.0-only",
      "locked_url": "https://github.com/flox/nixpkgs?rev=d407951447dcd00442e97087bf374aad70c04cea",
      "name": "hadolint-2.14.0",
      "pname": "hadolint",
      "rev": "d407951447dcd00442e97087bf374aad70c04cea",
      "rev_count": 1027867,
      "rev_date": "2026-07-05T04:06:12Z",
      "scrape_date": "2026-07-06T04:40:27.180828Z",
      "stabilities": [
        "unstable"
      ],
      "unfree": false,
      "version": "2.14.0",
      "outputs_to_install": [
        "out"
      ],
      "outputs": {
        "out": "/nix/store/90k9fpvmhyxznfdza2v37camv7slsjm9-hadolint-2.14.0"
      },
      "system": "x86_64-linux",
      "group": "toplevel",
      "priority": 5
    },
    {
      "attr_path": "markdownlint-cli2",
      "broken": false,
      "derivation": "/nix/store/rx1p4a2gq7hjw8f8rzsf3vy2dxw4aarh-markdownlint-cli2-0.22.1.drv",
      "description": "Fast, flexible, configuration-based command-line interface for linting Markdown/CommonMark files with the markdownlint library",
      "install_id": "markdownlint-cli2",
      "license": "MIT",
      "locked_url": "https://github.com/flox/nixpkgs?rev=d407951447dcd00442e97087bf374aad70c04cea",
      "name": "markdownlint-cli2-0.22.1",
      "pname": "markdownlint-cli2",
      "rev": "d407951447dcd00442e97087bf374aad70c04cea",
      "rev_count": 1027867,
      "rev_date": "2026-07-05T04:06:12Z",
      "scrape_date": "2026-07-06T03:13:17.958808Z",
      "stabilities": [
        "unstable"
      ],
      "unfree": false,
      "version": "0.22.1",
      "outputs_to_install": [
        "out"
      ],
      "outputs": {
        "out": "/nix/store/31pqb11skp66kk4d4zqg2pglscfwj4nk-markdownlint-cli2-0.22.1"
      },
      "system": "aarch64-darwin",
      "group": "toplevel",
      "priority": 5
    },
    {
      "attr_path": "markdownlint-cli2",
      "broken": false,
      "derivation": "/nix/store/n0qhh0iyprmlbfdaq67p9ppjfwx2fpd5-markdownlint-cli2-0.22.1.drv",
      "description": "Fast, flexible, configuration-based command-line interface for linting Markdown/CommonMark files with the markdownlint library",
      "install_id": "markdownlint-cli2",
      "license": "MIT",
      "locked_url": "https://github.com/flox/nixpkgs?rev=d407951447dcd00442e97087bf374aad70c04cea",
      "name": "markdownlint-cli2-0.22.1",
      "pname": "markdownlint-cli2",
      "rev": "d407951447dcd00442e97087bf374aad70c04cea",
      "rev_count": 1027867,
      "rev_date": "2026-07-05T04:06:12Z",
      "scrape_date": "2026-07-06T03:41:56.390917Z",
      "stabilities": [
        "unstable"
      ],
      "unfree": false,
      "version": "0.22.1",
      "outputs_to_install": [
        "out"
      ],
      "outputs": {
        "out": "/nix/store/xx0mmhjk8f5v6nrp89bs500s29w8br3q-markdownlint-cli2-0.22.1"
      },
      "system": "aarch64-linux",
      "group": "toplevel",
      "priority": 5
    },
    {
      "attr_path": "markdownlint-cli2",
      "broken": false,
      "derivation": "/nix/store/54d0j7r70184rj9gjr4cd1lf5w5hhmrq-markdownlint-cli2-0.22.1.drv",
      "description": "Fast, flexible, configuration-based command-line interface for linting Markdown/CommonMark files with the markdownlint library",
      "install_id": "markdownlint-cli2",
      "license": "MIT",
      "locked_url": "https://github.com/flox/nixpkgs?rev=d407951447dcd00442e97087bf374aad70c04cea",
      "name": "markdownlint-cli2-0.22.1",
      "pname": "markdownlint-cli2",
      "rev": "d407951447dcd00442e97087bf374aad70c04cea",
      "rev_count": 1027867,
      "rev_date": "2026-07-05T04:06:12Z",
      "scrape_date": "2026-07-06T04:09:28.995493Z",
      "stabilities": [
        "unstable"
      ],
      "unfree": false,
      "version": "0.22.1",
      "outputs_to_install": [
        "out"
      ],
      "outputs": {
        "out": "/nix/store/zv2f00n41c07zvn0rxnfvxhx6cn2p1bl-markdownlint-cli2-0.22.1"
      },
      "system": "x86_64-darwin",
      "group": "toplevel",
      "priority": 5
    },
    {
      "attr_path": "markdownlint-cli2",
      "broken": false,
      "derivation": "/nix/store/mqw58s466swk7qkzfyvxlpwihia0r69b-markdownlint-cli2-0.22.1.drv",
      "description": "Fast, flexible, configuration-based command-line interface for linting Markdown/CommonMark files with the markdownlint library",
      "install_id": "markdownlint-cli2",
      "license": "MIT",
      "locked_url": "https://github.com/flox/nixpkgs?rev=d407951447dcd00442e97087bf374aad70c04cea",
      "name": "markdownlint-cli2-0.22.1",
      "pname": "markdownlint-cli2",
      "rev": "d407951447dcd00442e97087bf374aad70c04cea",
      "rev_count": 1027867,
      "rev_date": "2026-07-05T04:06:12Z",
      "scrape_date": "2026-07-06T04:41:01.315455Z",
      "stabilities": [
        "unstable"
      ],
      "unfree": false,
      "version": "0.22.1",
      "outputs_to_install": [
        "out"
      ],
      "outputs": {
        "out": "/nix/store/1akfz2f11jj4z9gl80sb60fmjfswwyqz-markdownlint-cli2-0.22.1"
      },
      "system": "x86_64-linux",
      "group": "toplevel",
      "priority": 5
    },
    {
      "attr_path": "mermaid-cli",
      "broken": false,
      "derivation": "/nix/store/rynm8ynyw4ld7gx4yjzzp53np5yr0fn2-mermaid-cli-11.12.0.drv",
      "description": "Generation of diagrams from text in a similar manner as markdown",
      "install_id": "mermaid-cli",
      "license": "MIT",
      "locked_url": "https://github.com/flox/nixpkgs?rev=d407951447dcd00442e97087bf374aad70c04cea",
      "name": "mermaid-cli-11.12.0",
      "pname": "mermaid-cli",
      "rev": "d407951447dcd00442e97087bf374aad70c04cea",
      "rev_count": 1027867,
      "rev_date": "2026-07-05T04:06:12Z",
      "scrape_date": "2026-07-06T03:13:18.338865Z",
      "stabilities": [
        "unstable"
      ],
      "unfree": false,
      "version": "11.12.0",
      "outputs_to_install": [
        "out"
      ],
      "outputs": {
        "out": "/nix/store/zr5jpw2jlhsx6f61qkdby74xfdjxfdf2-mermaid-cli-11.12.0"
      },
      "system": "aarch64-darwin",
      "group": "toplevel",
      "priority": 5
    },
    {
      "attr_path": "mermaid-cli",
      "broken": false,
      "derivation": "/nix/store/vd1y12k504wy1cjryvw9vjz25sr91vk1-mermaid-cli-11.12.0.drv",
      "description": "Generation of diagrams from text in a similar manner as markdown",
      "install_id": "mermaid-cli",
      "license": "MIT",
      "locked_url": "https://github.com/flox/nixpkgs?rev=d407951447dcd00442e97087bf374aad70c04cea",
      "name": "mermaid-cli-11.12.0",
      "pname": "mermaid-cli",
      "rev": "d407951447dcd00442e97087bf374aad70c04cea",
      "rev_count": 1027867,
      "rev_date": "2026-07-05T04:06:12Z",
      "scrape_date": "2026-07-06T03:41:57.122894Z",
      "stabilities": [
        "unstable"
      ],
      "unfree": false,
      "version": "11.12.0",
      "outputs_to_install": [
        "out"
      ],
      "outputs": {
        "out": "/nix/store/i9cnn182404x705fkr879bzwnww3clwf-mermaid-cli-11.12.0"
      },
      "system": "aarch64-linux",
      "group": "toplevel",
      "priority": 5
    },
    {
      "attr_path": "mermaid-cli",
      "broken": false,
      "derivation": "/nix/store/d9lb8fj5x5gn5v1wmpamh5k1llgichwk-mermaid-cli-11.12.0.drv",
      "description": "Generation of diagrams from text in a similar manner as markdown",
      "install_id": "mermaid-cli",
      "license": "MIT",
      "locked_url": "https://github.com/flox/nixpkgs?rev=d407951447dcd00442e97087bf374aad70c04cea",
      "name": "mermaid-cli-11.12.0",
      "pname": "mermaid-cli",
      "rev": "d407951447dcd00442e97087bf374aad70c04cea",
      "rev_count": 1027867,
      "rev_date": "2026-07-05T04:06:12Z",
      "scrape_date": "2026-07-06T04:09:29.488210Z",
      "stabilities": [
        "unstable"
      ],
      "unfree": false,
      "version": "11.12.0",
      "outputs_to_install": [
        "out"
      ],
      "outputs": {
        "out": "/nix/store/fgy1mgi4iazyqranx2pk2agcz06f1adp-mermaid-cli-11.12.0"
      },
      "system": "x86_64-darwin",
      "group": "toplevel",
      "priority": 5
    },
    {
      "attr_path": "mermaid-cli",
      "broken": false,
      "derivation": "/nix/store/483w3i4pfng4l32506vq49c81y7sw73v-mermaid-cli-11.12.0.drv",
      "description": "Generation of diagrams from text in a similar manner as markdown",
      "install_id": "mermaid-cli",
      "license": "MIT",
      "locked_url": "https://github.com/flox/nixpkgs?rev=d407951447dcd00442e97087bf374aad70c04cea",
      "name": "mermaid-cli-11.12.0",
      "pname": "mermaid-cli",
      "rev": "d407951447dcd00442e97087bf374aad70c04cea",
      "rev_count": 1027867,
      "rev_date": "2026-07-05T04:06:12Z",
      "scrape_date": "2026-07-06T04:41:02.147857Z",
      "stabilities": [
        "unstable"
      ],
      "unfree": false,
      "version": "11.12.0",
      "outputs_to_install": [
        "out"
      ],
      "outputs": {
        "out": "/nix/store/qd2zcv0h7glwm8cypg6j3qwdz1vpbcd7-mermaid-cli-11.12.0"
      },
      "system": "x86_64-linux",
      "group": "toplevel",
      "priority": 5
    },
    {
      "attr_path": "nodejs",
      "broken": false,
      "derivation": "/nix/store/1a0cn85p1mwixhwy16db7v2652pz7l8g-nodejs-24.16.0.drv",
      "description": "Event-driven I/O framework for the V8 JavaScript engine",
      "install_id": "nodejs",
      "license": "MIT",
      "locked_url": "https://github.com/flox/nixpkgs?rev=d407951447dcd00442e97087bf374aad70c04cea",
      "name": "nodejs-24.16.0",
      "pname": "nodejs",
      "rev": "d407951447dcd00442e97087bf374aad70c04cea",
      "rev_count": 1027867,
      "rev_date": "2026-07-05T04:06:12Z",
      "scrape_date": "2026-07-06T03:13:20.493760Z",
      "stabilities": [
        "unstable"
      ],
      "unfree": false,
      "version": "24.16.0",
      "outputs_to_install": [
        "out"
      ],
      "outputs": {
        "out": "/nix/store/1zm1xb652wk1kscxbcvbryq8y45b0gy5-nodejs-24.16.0"
      },
      "system": "aarch64-darwin",
      "group": "toplevel",
      "priority": 5
    },
    {
      "attr_path": "nodejs",
      "broken": false,
      "derivation": "/nix/store/aay2n9r5ljwfvlva807p9f0p1vpwg7mb-nodejs-24.16.0.drv",
      "description": "Event-driven I/O framework for the V8 JavaScript engine",
      "install_id": "nodejs",
      "license": "MIT",
      "locked_url": "https://github.com/flox/nixpkgs?rev=d407951447dcd00442e97087bf374aad70c04cea",
      "name": "nodejs-24.16.0",
      "pname": "nodejs",
      "rev": "d407951447dcd00442e97087bf374aad70c04cea",
      "rev_count": 1027867,
      "rev_date": "2026-07-05T04:06:12Z",
      "scrape_date": "2026-07-06T03:42:00.460042Z",
      "stabilities": [
        "unstable"
      ],
      "unfree": false,
      "version": "24.16.0",
      "outputs_to_install": [
        "out"
      ],
      "outputs": {
        "out": "/nix/store/60vys190zxlx4k1jz0kyvk4vydzr7qml-nodejs-24.16.0"
      },
      "system": "aarch64-linux",
      "group": "toplevel",
      "priority": 5
    },
    {
      "attr_path": "nodejs",
      "broken": false,
      "derivation": "/nix/store/yc1bpd21mkkawwxkq2zskmkqjmzwgv54-nodejs-24.16.0.drv",
      "description": "Event-driven I/O framework for the V8 JavaScript engine",
      "install_id": "nodejs",
      "license": "MIT",
      "locked_url": "https://github.com/flox/nixpkgs?rev=d407951447dcd00442e97087bf374aad70c04cea",
      "name": "nodejs-24.16.0",
      "pname": "nodejs",
      "rev": "d407951447dcd00442e97087bf374aad70c04cea",
      "rev_count": 1027867,
      "rev_date": "2026-07-05T04:06:12Z",
      "scrape_date": "2026-07-06T04:09:32.244433Z",
      "stabilities": [
        "unstable"
      ],
      "unfree": false,
      "version": "24.16.0",
      "outputs_to_install": [
        "out"
      ],
      "outputs": {
        "out": "/nix/store/v04l0kjhdvbzkzrnw6ryf43dp8v0qapv-nodejs-24.16.0"
      },
      "system": "x86_64-darwin",
      "group": "toplevel",
      "priority": 5
    },
    {
      "attr_path": "nodejs",
      "broken": false,
      "derivation": "/nix/store/k9jn43g1p70zs7l9vgxh57aarg2s2jkv-nodejs-24.16.0.drv",
      "description": "Event-driven I/O framework for the V8 JavaScript engine",
      "install_id": "nodejs",
      "license": "MIT",
      "locked_url": "https://github.com/flox/nixpkgs?rev=d407951447dcd00442e97087bf374aad70c04cea",
      "name": "nodejs-24.16.0",
      "pname": "nodejs",
      "rev": "d407951447dcd00442e97087bf374aad70c04cea",
      "rev_count": 1027867,
      "rev_date": "2026-07-05T04:06:12Z",
      "scrape_date": "2026-07-06T04:41:05.911622Z",
      "stabilities": [
        "unstable"
      ],
      "unfree": false,
      "version": "24.16.0",
      "outputs_to_install": [
        "out"
      ],
      "outputs": {
        "out": "/nix/store/zvj0hl7rhh0ccr5vkcg3ijs3xm3sgyac-nodejs-24.16.0"
      },
      "system": "x86_64-linux",
      "group": "toplevel",
      "priority": 5
    },
    {
      "attr_path": "shellcheck",
      "broken": false,
      "derivation": "/nix/store/h7qr1dkmmmwvr6rdp41d46mrxxyypqc2-shellcheck-0.11.0.drv",
      "description": "Shell script analysis tool",
      "install_id": "shellcheck",
      "license": "GPL-3.0-only",
      "locked_url": "https://github.com/flox/nixpkgs?rev=d407951447dcd00442e97087bf374aad70c04cea",
      "name": "shellcheck-0.11.0",
      "pname": "shellcheck",
      "rev": "d407951447dcd00442e97087bf374aad70c04cea",
      "rev_count": 1027867,
      "rev_date": "2026-07-05T04:06:12Z",
      "scrape_date": "2026-07-06T03:14:50.123814Z",
      "stabilities": [
        "unstable"
      ],
      "unfree": false,
      "version": "0.11.0",
      "outputs_to_install": [
        "bin",
        "doc",
        "man"
      ],
      "outputs": {
        "bin": "/nix/store/py6hpk9rm5vh16dn0sifa3wpmsl0kl67-shellcheck-0.11.0-bin",
        "doc": "/nix/store/bf4yd8vzhafk7nknzjjz5awvkqvyfspc-shellcheck-0.11.0-doc",
        "man": "/nix/store/lwd2gr8083jfif5xb8h7jj396dvr6kdd-shellcheck-0.11.0-man",
        "out": "/nix/store/7qi1h6hbr1ybpz9xyh4j38vrki1xc2z4-shellcheck-0.11.0"
      },
      "system": "aarch64-darwin",
      "group": "toplevel",
      "priority": 5
    },
    {
      "attr_path": "shellcheck",
      "broken": false,
      "derivation": "/nix/store/27a27jgwxyq768zr75divyi6x4744bix-shellcheck-0.11.0.drv",
      "description": "Shell script analysis tool",
      "install_id": "shellcheck",
      "license": "GPL-3.0-only",
      "locked_url": "https://github.com/flox/nixpkgs?rev=d407951447dcd00442e97087bf374aad70c04cea",
      "name": "shellcheck-0.11.0",
      "pname": "shellcheck",
      "rev": "d407951447dcd00442e97087bf374aad70c04cea",
      "rev_count": 1027867,
      "rev_date": "2026-07-05T04:06:12Z",
      "scrape_date": "2026-07-06T03:43:48.990893Z",
      "stabilities": [
        "unstable"
      ],
      "unfree": false,
      "version": "0.11.0",
      "outputs_to_install": [
        "bin",
        "doc",
        "man"
      ],
      "outputs": {
        "bin": "/nix/store/ydbg36fc5vvgc4k60d38vj95741wvv28-shellcheck-0.11.0-bin",
        "doc": "/nix/store/dmj404h7ac342mrnj5dfdych83cd6r6c-shellcheck-0.11.0-doc",
        "man": "/nix/store/l3202mccjm3iz9m0myddbmvhiy8nkp9m-shellcheck-0.11.0-man",
        "out": "/nix/store/yyy8s43483p5ww6v09kal0kidb7kxvmk-shellcheck-0.11.0"
      },
      "system": "aarch64-linux",
      "group": "toplevel",
      "priority": 5
    },
    {
      "attr_path": "shellcheck",
      "broken": false,
      "derivation": "/nix/store/40c53aw1zc0db8fxqk9z33pbx5sbgwbn-shellcheck-0.11.0.drv",
      "description": "Shell script analysis tool",
      "install_id": "shellcheck",
      "license": "GPL-3.0-only",
      "locked_url": "https://github.com/flox/nixpkgs?rev=d407951447dcd00442e97087bf374aad70c04cea",
      "name": "shellcheck-0.11.0",
      "pname": "shellcheck",
      "rev": "d407951447dcd00442e97087bf374aad70c04cea",
      "rev_count": 1027867,
      "rev_date": "2026-07-05T04:06:12Z",
      "scrape_date": "2026-07-06T04:11:23.130360Z",
      "stabilities": [
        "unstable"
      ],
      "unfree": false,
      "version": "0.11.0",
      "outputs_to_install": [
        "bin",
        "doc",
        "man"
      ],
      "outputs": {
        "bin": "/nix/store/68yldspq5p1gxa79ghprb1njskk36ax2-shellcheck-0.11.0-bin",
        "doc": "/nix/store/4sk9v7wwdh2sia6wi3rknvvvm52wqg6r-shellcheck-0.11.0-doc",
        "man": "/nix/store/90d8x14kmdq8fa12d5azjwdnp4z55q8b-shellcheck-0.11.0-man",
        "out": "/nix/store/crl9a7fkfbpjbzgwj5nwpj57bmj7z940-shellcheck-0.11.0"
      },
      "system": "x86_64-darwin",
      "group": "toplevel",
      "priority": 5
    },
    {
      "attr_path": "shellcheck",
      "broken": false,
      "derivation": "/nix/store/fjnaf97vql7h3d6mzymqabz7lmbljj0x-shellcheck-0.11.0.drv",
      "description": "Shell script analysis tool",
      "install_id": "shellcheck",
      "license": "GPL-3.0-only",
      "locked_url": "https://github.com/flox/nixpkgs?rev=d407951447dcd00442e97087bf374aad70c04cea",
      "name": "shellcheck-0.11.0",
      "pname": "shellcheck",
      "rev": "d407951447dcd00442e97087bf374aad70c04cea",
      "rev_count": 1027867,
      "rev_date": "2026-07-05T04:06:12Z",
      "scrape_date": "2026-07-06T04:43:04.681164Z",
      "stabilities": [
        "unstable"
      ],
      "unfree": false,
      "version": "0.11.0",
      "outputs_to_install": [
        "bin",
        "doc",
        "man"
      ],
      "outputs": {
        "bin": "/nix/store/vwvvnr1qxpwn0vffbsn8bkviqcgicizr-shellcheck-0.11.0-bin",
        "doc": "/nix/store/wm6ncb99697pw9px9dpnx4vdq7mjskq2-shellcheck-0.11.0-doc",
        "man": "/nix/store/g6cz58h4p7dasw30y0qrk0xwdp5595qv-shellcheck-0.11.0-man",
        "out": "/nix/store/gykrz50q65f9jrljvd9bds46irfbd0bh-shellcheck-0.11.0"
      },
      "system": "x86_64-linux",
      "group": "toplevel",
      "priority": 5
    },
    {
      "attr_path": "shfmt",
      "broken": false,
      "derivation": "/nix/store/qbrpgr5v634vj913lx7fbd6k86dy0fnv-shfmt-3.13.1.drv",
      "description": "Shell parser and formatter",
      "install_id": "shfmt",
      "license": "BSD-3-Clause",
      "locked_url": "https://github.com/flox/nixpkgs?rev=d407951447dcd00442e97087bf374aad70c04cea",
      "name": "shfmt-3.13.1",
      "pname": "shfmt",
      "rev": "d407951447dcd00442e97087bf374aad70c04cea",
      "rev_count": 1027867,
      "rev_date": "2026-07-05T04:06:12Z",
      "scrape_date": "2026-07-06T03:14:50.181236Z",
      "stabilities": [
        "unstable"
      ],
      "unfree": false,
      "version": "3.13.1",
      "outputs_to_install": [
        "out"
      ],
      "outputs": {
        "out": "/nix/store/0d3mnah45qb1nipw6c4zxsg9vmqz6psw-shfmt-3.13.1"
      },
      "system": "aarch64-darwin",
      "group": "toplevel",
      "priority": 5
    },
    {
      "attr_path": "shfmt",
      "broken": false,
      "derivation": "/nix/store/8dywfp8zsk37l07pkgai4wm6qylv5gmj-shfmt-3.13.1.drv",
      "description": "Shell parser and formatter",
      "install_id": "shfmt",
      "license": "BSD-3-Clause",
      "locked_url": "https://github.com/flox/nixpkgs?rev=d407951447dcd00442e97087bf374aad70c04cea",
      "name": "shfmt-3.13.1",
      "pname": "shfmt",
      "rev": "d407951447dcd00442e97087bf374aad70c04cea",
      "rev_count": 1027867,
      "rev_date": "2026-07-05T04:06:12Z",
      "scrape_date": "2026-07-06T03:43:49.054824Z",
      "stabilities": [
        "unstable"
      ],
      "unfree": false,
      "version": "3.13.1",
      "outputs_to_install": [
        "out"
      ],
      "outputs": {
        "out": "/nix/store/1cc9fk9m0mmkr0wq22r4lb6q9081qzdf-shfmt-3.13.1"
      },
      "system": "aarch64-linux",
      "group": "toplevel",
      "priority": 5
    },
    {
      "attr_path": "shfmt",
      "broken": false,
      "derivation": "/nix/store/c820lnlf15y956g1acxwcj5bwpr2ybbr-shfmt-3.13.1.drv",
      "description": "Shell parser and formatter",
      "install_id": "shfmt",
      "license": "BSD-3-Clause",
      "locked_url": "https://github.com/flox/nixpkgs?rev=d407951447dcd00442e97087bf374aad70c04cea",
      "name": "shfmt-3.13.1",
      "pname": "shfmt",
      "rev": "d407951447dcd00442e97087bf374aad70c04cea",
      "rev_count": 1027867,
      "rev_date": "2026-07-05T04:06:12Z",
      "scrape_date": "2026-07-06T04:11:23.201772Z",
      "stabilities": [
        "unstable"
      ],
      "unfree": false,
      "version": "3.13.1",
      "outputs_to_install": [
        "out"
      ],
      "outputs": {
        "out": "/nix/store/hqsdrlfqs8f1lg6m5c0av219sjpwfai9-shfmt-3.13.1"
      },
      "system": "x86_64-darwin",
      "group": "toplevel",
      "priority": 5
    },
    {
      "attr_path": "shfmt",
      "broken": false,
      "derivation": "/nix/store/ixwn0gcw2avlcwzhwslkn953nfn0nbb3-shfmt-3.13.1.drv",
      "description": "Shell parser and formatter",
      "install_id": "shfmt",
      "license": "BSD-3-Clause",
      "locked_url": "https://github.com/flox/nixpkgs?rev=d407951447dcd00442e97087bf374aad70c04cea",
      "name": "shfmt-3.13.1",
      "pname": "shfmt",
      "rev": "d407951447dcd00442e97087bf374aad70c04cea",
      "rev_count": 1027867,
      "rev_date": "2026-07-05T04:06:12Z",
      "scrape_date": "2026-07-06T04:43:04.753894Z",
      "stabilities": [
        "unstable"
      ],
      "unfree": false,
      "version": "3.13.1",
      "outputs_to_install": [
        "out"
      ],
      "outputs": {
        "out": "/nix/store/2pk011vmyhh7hmc5cqgm7ixirckh48ml-shfmt-3.13.1"
      },
      "system": "x86_64-linux",
      "group": "toplevel",
      "priority": 5
    }
  ]
}
